
Microsoft Visual Studio Solution File, Format Version 12.00
# Visual Studio Version 17
VisualStudioVersion = 17.14.37012.4
MinimumVisualStudioVersion = 10.0.40219.1
Project("{FAE04EC0-301F-11D3-BF4B-00C04F79EFBC}") = "Logistics", "Logistics.csproj", "{DDD53E09-A6EC-48F2-86EF-C977A80D1531}"
EndProject
Project("{FAE04EC0-301F-11D3-BF4B-00C04F79EFBC}") = "Logistics.Domain", "..\\Logistics.Domain\\Logistics.Domain.csproj", "{81b0410f-852a-4642-92aa-e942c034c789}"
EndProject
Project("{FAE04EC0-301F-11D3-BF4B-00C04F79EFBC}") = "Logistics.Application", "..\\Logistics.Application\\Logistics.Application.csproj", "{8d6646aa-6929-4744-8cba-1e4252881679}"
EndProject
Project("{FAE04EC0-301F-11D3-BF4B-00C04F79EFBC}") = "Logistics.Infrastructure", "..\\Logistics.Infrastructure\\Logistics.Infrastructure.csproj", "{62231524-5e19-409c-adfb-4b9b939652a6}"
EndProject
Global
	GlobalSection(SolutionConfigurationPlatforms) = preSolution
		Debug|Any CPU = Debug|Any CPU
		Release|Any CPU = Release|Any CPU
	EndGlobalSection
	GlobalSection(ProjectConfigurationPlatforms) = postSolution
		{DDD53E09-A6EC-48F2-86EF-C977A80D1531}.Debug|Any CPU.ActiveCfg = Debug|Any CPU
		{DDD53E09-A6EC-48F2-86EF-C977A80D1531}.Debug|Any CPU.Build.0 = Debug|Any CPU
		{DDD53E09-A6EC-48F2-86EF-C977A80D1531}.Release|Any CPU.ActiveCfg = Release|Any CPU
		{DDD53E09-A6EC-48F2-86EF-C977A80D1531}.Release|Any CPU.Build.0 = Release|Any CPU
		{81b0410f-852a-4642-92aa-e942c034c789}.Debug|Any CPU.ActiveCfg = Debug|Any CPU
		{81b0410f-852a-4642-92aa-e942c034c789}.Debug|Any CPU.Build.0 = Debug|Any CPU
		{81b0410f-852a-4642-92aa-e942c034c789}.Release|Any CPU.ActiveCfg = Release|Any CPU
		{81b0410f-852a-4642-92aa-e942c034c789}.Release|Any CPU.Build.0 = Release|Any CPU
		{8d6646aa-6929-4744-8cba-1e4252881679}.Debug|Any CPU.ActiveCfg = Debug|Any CPU
		{8d6646aa-6929-4744-8cba-1e4252881679}.Debug|Any CPU.Build.0 = Debug|Any CPU
		{8d6646aa-6929-4744-8cba-1e4252881679}.Release|Any CPU.ActiveCfg = Release|Any CPU
		{8d6646aa-6929-4744-8cba-1e4252881679}.Release|Any CPU.Build.0 = Release|Any CPU
		{62231524-5e19-409c-adfb-4b9b939652a6}.Debug|Any CPU.ActiveCfg = Debug|Any CPU
		{62231524-5e19-409c-adfb-4b9b939652a6}.Debug|Any CPU.Build.0 = Debug|Any CPU
		{62231524-5e19-409c-adfb-4b9b939652a6}.Release|Any CPU.ActiveCfg = Release|Any CPU
		{62231524-5e19-409c-adfb-4b9b939652a6}.Release|Any CPU.Build.0 = Release|Any CPU
	EndGlobalSection
	GlobalSection(SolutionProperties) = preSolution
		HideSolutionNode = FALSE
	EndGlobalSection
	GlobalSection(ExtensibilityGlobals) = postSolution
		SolutionGuid = {431F6530-CD9E-4D2A-AF1E-30667F588856}
	EndGlobalSection
EndGlobal
